# THIS IS AN AUTOGENERATED FILE. DO NOT EDIT THIS FILE DIRECTLY.
# yarn lockfile v1


semver-match@^0.1.1:
  version "0.1.1"
  resolved "https://registry.yarnpkg.com/semver-match/-/semver-match-0.1.1.tgz#e7ccb31f83fd4a0e377d66387afd8ca3a329b5fc"
  integrity sha1-58yzH4P9Sg43fWY4ev2Mo6Mptfw=
  dependencies:
    semver "^5.1.0"

semver@^5.1.0:
  version "5.6.0"
  resolved "https://registry.yarnpkg.com/semver/-/semver-5.6.0.tgz#7e74256fbaa49c75aa7c7a205cc22799cac80004"
  integrity sha512-RS9R6R35NYgQn++fkDWaOmqGoj4Ek9gGs+DPxNUZKuwE183xjJroKvyo1IzVFeXvUrvmALy6FWD5xrdJT25gMg==
